
Microsoft Visual Studio Solution File, Format Version 12.00
# Visual Studio 15
VisualStudioVersion = 15.0.26403.7
MinimumVisualStudioVersion = 10.0.40219.1
Project("{FAE04EC0-301F-11D3-BF4B-00C04F79EFBC}") = "Separate", "Separate\Separate.csproj", "{D3412E3A-AB63-423A-AEF3-028916D048D0}"
EndProject
Project("{FAE04EC0-301F-11D3-BF4B-00C04F79EFBC}") = "Segmenter", "Segmenter\Segmenter.csproj", "{5AB406F4-0466-433B-A833-E23FD74F82EC}"
EndProject
Global
	GlobalSection(SolutionConfigurationPlatforms) = preSolution
		Debug|Any CPU = Debug|Any CPU
		Release|Any CPU = Release|Any CPU
	EndGlobalSection
	GlobalSection(ProjectConfigurationPlatforms) = postSolution
		{D3412E3A-AB63-423A-AEF3-028916D048D0}.Debug|Any CPU.ActiveCfg = Debug|Any CPU
		{D3412E3A-AB63-423A-AEF3-028916D048D0}.Debug|Any CPU.Build.0 = Debug|Any CPU
		{D3412E3A-AB63-423A-AEF3-028916D048D0}.Release|Any CPU.ActiveCfg = Release|Any CPU
		{D3412E3A-AB63-423A-AEF3-028916D048D0}.Release|Any CPU.Build.0 = Release|Any CPU
		{5AB406F4-0466-433B-A833-E23FD74F82EC}.Debug|Any CPU.ActiveCfg = Debug|Any CPU
		{5AB406F4-0466-433B-A833-E23FD74F82EC}.Debug|Any CPU.Build.0 = Debug|Any CPU
		{5AB406F4-0466-433B-A833-E23FD74F82EC}.Release|Any CPU.ActiveCfg = Release|Any CPU
		{5AB406F4-0466-433B-A833-E23FD74F82EC}.Release|Any CPU.Build.0 = Release|Any CPU
	EndGlobalSection
	GlobalSection(SolutionProperties) = preSolution
		HideSolutionNode = FALSE
	EndGlobalSection
EndGlobal
